// !$*UTF8*$!
{
	archiveVersion = 1;
	classes = {
	};
	objectVersion = 50;
	objects = {

/* Begin PBXBuildFile section */
		8BCD7B382244EA0B0016D8B7 /* AppDelegate.m in Sources */ = {isa = PBXBuildFile; fileRef = 8BCD7B372244EA0B0016D8B7 /* AppDelegate.m */; };
		8BCD7B3B2244EA0B0016D8B7 /* ViewController.m in Sources */ = {isa = PBXBuildFile; fileRef = 8BCD7B3A2244EA0B0016D8B7 /* ViewController.m */; };
		8BCD7B3E2244EA0B0016D8B7 /* Main.storyboard in Resources */ = {isa = PBXBuildFile; fileRef = 8BCD7B3C2244EA0B0016D8B7 /* Main.storyboard */; };
		8BCD7B402244EA0C0016D8B7 /* Assets.xcassets in Resources */ = {isa = PBXBuildFile; fileRef = 8BCD7B3F2244EA0C0016D8B7 /* Assets.xcassets */; };
		8BCD7B432244EA0C0016D8B7 /* LaunchScreen.storyboard in Resources */ = {isa = PBXBuildFile; fileRef = 8BCD7B412244EA0C0016D8B7 /* LaunchScreen.storyboard */; };
		8BCD7B462244EA0C0016D8B7 /* main.m in Sources */ = {isa = PBXBuildFile; fileRef = 8BCD7B452244EA0C0016D8B7 /* main.m */; };
		8BCD7B502244EA0C0016D8B7 /* CheckersTests.m in Sources */ = {isa = PBXBuildFile; fileRef = 8BCD7B4F2244EA0C0016D8B7 /* CheckersTests.m */; };
		8BCD7B5B2244EA0C0016D8B7 /* CheckersUITests.m in Sources */ = {isa = PBXBuildFile; fileRef = 8BCD7B5A2244EA0C0016D8B7 /* CheckersUITests.m */; };
		8BCD7B70224CAB5A0016D8B7 /* blackCkecker.png in Resources */ = {isa = PBXBuildFile; fileRef = 8BCD7B6E224CAB5A0016D8B7 /* blackCkecker.png */; };
		8BCD7B71224CAB5A0016D8B7 /* whiteChecker.png in Resources */ = {isa = PBXBuildFile; fileRef = 8BCD7B6F224CAB5A0016D8B7 /* whiteChecker.png */; };
		B1D784F6224657FF0028ECA3 /* desk.jpg in Resources */ = {isa = PBXBuildFile; fileRef = B1D784F5224657FF0028ECA3 /* desk.jpg */; };
		B1D784F9224678C90028ECA3 /* BlackCellView.m in Sources */ = {isa = PBXBuildFile; fileRef = B1D784F8224678C90028ECA3 /* BlackCellView.m */; };
		B1D784FC22467FCD0028ECA3 /* CheckerView.m in Sources */ = {isa = PBXBuildFile; fileRef = B1D784FB22467FCD0028ECA3 /* CheckerView.m */; };
/* End PBXBuildFile section */

/* Begin PBXContainerItemProxy section */
		8BCD7B4C2244EA0C0016D8B7 /* PBXContainerItemProxy */ = {
			isa = PBXContainerItemProxy;
			containerPortal = 8BCD7B2B2244EA0B0016D8B7 /* Project object */;
			proxyType = 1;
			remoteGlobalIDString = 8BCD7B322244EA0B0016D8B7;
			remoteInfo = Checkers;
		};
		8BCD7B572244EA0C0016D8B7 /* PBXContainerItemProxy */ = {
			isa = PBXContainerItemProxy;
			containerPortal = 8BCD7B2B2244EA0B0016D8B7 /* Project object */;
			proxyType = 1;
			remoteGlobalIDString = 8BCD7B322244EA0B0016D8B7;
			remoteInfo = Checkers;
		};
/* End PBXContainerItemProxy section */

/* Begin PBXFileReference section */
		8BCD7B332244EA0B0016D8B7 /* Checkers.app */ = {isa = PBXFileReference; explicitFileType = wrapper.application; includeInIndex = 0; path = Checkers.app; sourceTree = BUILT_PRODUCTS_DIR; };
		8BCD7B362244EA0B0016D8B7 /* AppDelegate.h */ = {isa = PBXFileReference; lastKnownFileType = sourcecode.c.h; path = AppDelegate.h; sourceTree = "<group>"; };
		8BCD7B372244EA0B0016D8B7 /* AppDelegate.m */ = {isa = PBXFileReference; lastKnownFileType = sourcecode.c.objc; path = AppDelegate.m; sourceTree = "<group>"; };
		8BCD7B392244EA0B0016D8B7 /* ViewController.h */ = {isa = PBXFileReference; lastKnownFileType = sourcecode.c.h; path = ViewController.h; sourceTree = "<group>"; };
		8BCD7B3A2244EA0B0016D8B7 /* ViewController.m */ = {isa = PBXFileReference; lastKnownFileType = sourcecode.c.objc; path = ViewController.m; sourceTree = "<group>"; };
		8BCD7B3D2244EA0B0016D8B7 /* Base */ = {isa = PBXFileReference; lastKnownFileType = file.storyboard; name = Base; path = Base.lproj/Main.storyboard; sourceTree = "<group>"; };
		8BCD7B3F2244EA0C0016D8B7 /* Assets.xcassets */ = {isa = PBXFileReference; lastKnownFileType = folder.assetcatalog; path = Assets.xcassets; sourceTree = "<group>"; };
		8BCD7B422244EA0C0016D8B7 /* Base */ = {isa = PBXFileReference; lastKnownFileType = file.storyboard; name = Base; path = Base.lproj/LaunchScreen.storyboard; sourceTree = "<group>"; };
		8BCD7B442244EA0C0016D8B7 /* Info.plist */ = {isa = PBXFileReference; lastKnownFileType = text.plist.xml; path = Info.plist; sourceTree = "<group>"; };
		8BCD7B452244EA0C0016D8B7 /* main.m */ = {isa = PBXFileReference; lastKnownFileType = sourcecode.c.objc; path = main.m; sourceTree = "<group>"; };
		8BCD7B4B2244EA0C0016D8B7 /* CheckersTests.xctest */ = {isa = PBXFileReference; explicitFileType = wrapper.cfbundle; includeInIndex = 0; path = CheckersTests.xctest; sourceTree = BUILT_PRODUCTS_DIR; };
		8BCD7B4F2244EA0C0016D8B7 /* CheckersTests.m */ = {isa = PBXFileReference; lastKnownFileType = sourcecode.c.objc; path = CheckersTests.m; sourceTree = "<group>"; };
		8BCD7B512244EA0C0016D8B7 /* Info.plist */ = {isa = PBXFileReference; lastKnownFileType = text.plist.xml; path = Info.plist; sourceTree = "<group>"; };
		8BCD7B562244EA0C0016D8B7 /* CheckersUITests.xctest */ = {isa = PBXFileReference; explicitFileType = wrapper.cfbundle; includeInIndex = 0; path = CheckersUITests.xctest; sourceTree = BUILT_PRODUCTS_DIR; };
		8BCD7B5A2244EA0C0016D8B7 /* CheckersUITests.m */ = {isa = PBXFileReference; lastKnownFileType = sourcecode.c.objc; path = CheckersUITests.m; sourceTree = "<group>"; };
		8BCD7B5C2244EA0C0016D8B7 /* Info.plist */ = {isa = PBXFileReference; lastKnownFileType = text.plist.xml; path = Info.plist; sourceTree = "<group>"; };
		8BCD7B6E224CAB5A0016D8B7 /* blackCkecker.png */ = {isa = PBXFileReference; lastKnownFileType = image.png; name = blackCkecker.png; path = ../../../../../../../../Downloads/blackCkecker.png; sourceTree = "<group>"; };
		8BCD7B6F224CAB5A0016D8B7 /* whiteChecker.png */ = {isa = PBXFileReference; lastKnownFileType = image.png; name = whiteChecker.png; path = ../../../../../../../../Downloads/whiteChecker.png; sourceTree = "<group>"; };
		B1D784F5224657FF0028ECA3 /* desk.jpg */ = {isa = PBXFileReference; lastKnownFileType = image.jpeg; path = desk.jpg; sourceTree = "<group>"; };
		B1D784F7224678C90028ECA3 /* BlackCellView.h */ = {isa = PBXFileReference; lastKnownFileType = sourcecode.c.h; path = BlackCellView.h; sourceTree = "<group>"; };
		B1D784F8224678C90028ECA3 /* BlackCellView.m */ = {isa = PBXFileReference; lastKnownFileType = sourcecode.c.objc; path = BlackCellView.m; sourceTree = "<group>"; };
		B1D784FA22467FCD0028ECA3 /* CheckerView.h */ = {isa = PBXFileReference; lastKnownFileType = sourcecode.c.h; path = CheckerView.h; sourceTree = "<group>"; xcLanguageSpecificationIdentifier = xcode.lang.objcpp; };
		B1D784FB22467FCD0028ECA3 /* CheckerView.m */ = {isa = PBXFileReference; lastKnownFileType = sourcecode.c.objc; path = CheckerView.m; sourceTree = "<group>"; };
/* End PBXFileReference section */

/* Begin PBXFrameworksBuildPhase section */
		8BCD7B302244EA0B0016D8B7 /* Frameworks */ = {
			isa = PBXFrameworksBuildPhase;
			buildActionMask = 2147483647;
			files = (
			);
			runOnlyForDeploymentPostprocessing = 0;
		};
		8BCD7B482244EA0C0016D8B7 /* Frameworks */ = {
			isa = PBXFrameworksBuildPhase;
			buildActionMask = 2147483647;
			files = (
			);
			runOnlyForDeploymentPostprocessing = 0;
		};
		8BCD7B532244EA0C0016D8B7 /* Frameworks */ = {
			isa = PBXFrameworksBuildPhase;
			buildActionMask = 2147483647;
			files = (
			);
			runOnlyForDeploymentPostprocessing = 0;
		};
/* End PBXFrameworksBuildPhase section */

/* Begin PBXGroup section */
		8BCD7B2A2244EA0B0016D8B7 = {
			isa = PBXGroup;
			children = (
				8BCD7B352244EA0B0016D8B7 /* Checkers */,
				8BCD7B4E2244EA0C0016D8B7 /* CheckersTests */,
				8BCD7B592244EA0C0016D8B7 /* CheckersUITests */,
				8BCD7B342244EA0B0016D8B7 /* Products */,
			);
			sourceTree = "<group>";
		};
		8BCD7B342244EA0B0016D8B7 /* Products */ = {
			isa = PBXGroup;
			children = (
				8BCD7B332244EA0B0016D8B7 /* Checkers.app */,
				8BCD7B4B2244EA0C0016D8B7 /* CheckersTests.xctest */,
				8BCD7B562244EA0C0016D8B7 /* CheckersUITests.xctest */,
			);
			name = Products;
			sourceTree = "<group>";
		};
		8BCD7B352244EA0B0016D8B7 /* Checkers */ = {
			isa = PBXGroup;
			children = (
				8BCD7B6A2244EF970016D8B7 /* images */,
				8BCD7B362244EA0B0016D8B7 /* AppDelegate.h */,
				8BCD7B372244EA0B0016D8B7 /* AppDelegate.m */,
				8BCD7B392244EA0B0016D8B7 /* ViewController.h */,
				8BCD7B3A2244EA0B0016D8B7 /* ViewController.m */,
				8BCD7B3C2244EA0B0016D8B7 /* Main.storyboard */,
				8BCD7B3F2244EA0C0016D8B7 /* Assets.xcassets */,
				8BCD7B412244EA0C0016D8B7 /* LaunchScreen.storyboard */,
				8BCD7B442244EA0C0016D8B7 /* Info.plist */,
				8BCD7B452244EA0C0016D8B7 /* main.m */,
				B1D784F7224678C90028ECA3 /* BlackCellView.h */,
				B1D784F8224678C90028ECA3 /* BlackCellView.m */,
				B1D784FA22467FCD0028ECA3 /* CheckerView.h */,
				B1D784FB22467FCD0028ECA3 /* CheckerView.m */,
			);
			path = Checkers;
			sourceTree = "<group>";
		};
		8BCD7B4E2244EA0C0016D8B7 /* CheckersTests */ = {
			isa = PBXGroup;
			children = (
				8BCD7B4F2244EA0C0016D8B7 /* CheckersTests.m */,
				8BCD7B512244EA0C0016D8B7 /* Info.plist */,
			);
			path = CheckersTests;
			sourceTree = "<group>";
		};
		8BCD7B592244EA0C0016D8B7 /* CheckersUITests */ = {
			isa = PBXGroup;
			children = (
				8BCD7B5A2244EA0C0016D8B7 /* CheckersUITests.m */,
				8BCD7B5C2244EA0C0016D8B7 /* Info.plist */,
			);
			path = CheckersUITests;
			sourceTree = "<group>";
		};
		8BCD7B6A2244EF970016D8B7 /* images */ = {
			isa = PBXGroup;
			children = (
				8BCD7B6E224CAB5A0016D8B7 /* blackCkecker.png */,
				8BCD7B6F224CAB5A0016D8B7 /* whiteChecker.png */,
				B1D784F5224657FF0028ECA3 /* desk.jpg */,
			);
			path = images;
			sourceTree = "<group>";
		};
/* End PBXGroup section */

/* Begin PBXNativeTarget section */
		8BCD7B322244EA0B0016D8B7 /* Checkers */ = {
			isa = PBXNativeTarget;
			buildConfigurationList = 8BCD7B5F2244EA0C0016D8B7 /* Build configuration list for PBXNativeTarget "Checkers" */;
			buildPhases = (
				8BCD7B2F2244EA0B0016D8B7 /* Sources */,
				8BCD7B302244EA0B0016D8B7 /* Frameworks */,
				8BCD7B312244EA0B0016D8B7 /* Resources */,
			);
			buildRules = (
			);
			dependencies = (
			);
			name = Checkers;
			productName = Checkers;
			productReference = 8BCD7B332244EA0B0016D8B7 /* Checkers.app */;
			productType = "com.apple.product-type.application";
		};
		8BCD7B4A2244EA0C0016D8B7 /* CheckersTests */ = {
			isa = PBXNativeTarget;
			buildConfigurationList = 8BCD7B622244EA0C0016D8B7 /* Build configuration list for PBXNativeTarget "CheckersTests" */;
			buildPhases = (
				8BCD7B472244EA0C0016D8B7 /* Sources */,
				8BCD7B482244EA0C0016D8B7 /* Frameworks */,
				8BCD7B492244EA0C0016D8B7 /* Resources */,
			);
			buildRules = (
			);
			dependencies = (
				8BCD7B4D2244EA0C0016D8B7 /* PBXTargetDependency */,
			);
			name = CheckersTests;
			productName = CheckersTests;
			productReference = 8BCD7B4B2244EA0C0016D8B7 /* CheckersTests.xctest */;
			productType = "com.apple.product-type.bundle.unit-test";
		};
		8BCD7B552244EA0C0016D8B7 /* CheckersUITests */ = {
			isa = PBXNativeTarget;
			buildConfigurationList = 8BCD7B652244EA0C0016D8B7 /* Build configuration list for PBXNativeTarget "CheckersUITests" */;
			buildPhases = (
				8BCD7B522244EA0C0016D8B7 /* Sources */,
				8BCD7B532244EA0C0016D8B7 /* Frameworks */,
				8BCD7B542244EA0C0016D8B7 /* Resources */,
			);
			buildRules = (
			);
			dependencies = (
				8BCD7B582244EA0C0016D8B7 /* PBXTargetDependency */,
			);
			name = CheckersUITests;
			productName = CheckersUITests;
			productReference = 8BCD7B562244EA0C0016D8B7 /* CheckersUITests.xctest */;
			productType = "com.apple.product-type.bundle.ui-testing";
		};
/* End PBXNativeTarget section */

/* Begin PBXProject section */
		8BCD7B2B2244EA0B0016D8B7 /* Project object */ = {
			isa = PBXProject;
			attributes = {
				LastUpgradeCheck = 1010;
				ORGANIZATIONNAME = "Сергей Лепинин";
				TargetAttributes = {
					8BCD7B322244EA0B0016D8B7 = {
						CreatedOnToolsVersion = 10.1;
					};
					8BCD7B4A2244EA0C0016D8B7 = {
						CreatedOnToolsVersion = 10.1;
						TestTargetID = 8BCD7B322244EA0B0016D8B7;
					};
					8BCD7B552244EA0C0016D8B7 = {
						CreatedOnToolsVersion = 10.1;
						TestTargetID = 8BCD7B322244EA0B0016D8B7;
					};
				};
			};
			buildConfigurationList = 8BCD7B2E2244EA0B0016D8B7 /* Build configuration list for PBXProject "Checkers" */;
			compatibilityVersion = "Xcode 9.3";
			developmentRegion = en;
			hasScannedForEncodings = 0;
			knownRegions = (
				en,
				Base,
			);
			mainGroup = 8BCD7B2A2244EA0B0016D8B7;
			productRefGroup = 8BCD7B342244EA0B0016D8B7 /* Products */;
			projectDirPath = "";
			projectRoot = "";
			targets = (
				8BCD7B322244EA0B0016D8B7 /* Checkers */,
				8BCD7B4A2244EA0C0016D8B7 /* CheckersTests */,
				8BCD7B552244EA0C0016D8B7 /* CheckersUITests */,
			);
		};
/* End PBXProject section */

/* Begin PBXResourcesBuildPhase section */
		8BCD7B312244EA0B0016D8B7 /* Resources */ = {
			isa = PBXResourcesBuildPhase;
			buildActionMask = 2147483647;
			files = (
				8BCD7B432244EA0C0016D8B7 /* LaunchScreen.storyboard in Resources */,
				8BCD7B71224CAB5A0016D8B7 /* whiteChecker.png in Resources */,
				8BCD7B402244EA0C0016D8B7 /* Assets.xcassets in Resources */,
				8BCD7B70224CAB5A0016D8B7 /* blackCkecker.png in Resources */,
				B1D784F6224657FF0028ECA3 /* desk.jpg in Resources */,
				8BCD7B3E2244EA0B0016D8B7 /* Main.storyboard in Resources */,
			);
			runOnlyForDeploymentPostprocessing = 0;
		};
		8BCD7B492244EA0C0016D8B7 /* Resources */ = {
			isa = PBXResourcesBuildPhase;
			buildActionMask = 2147483647;
			files = (
			);
			runOnlyForDeploymentPostprocessing = 0;
		};
		8BCD7B542244EA0C0016D8B7 /* Resources */ = {
			isa = PBXResourcesBuildPhase;
			buildActionMask = 2147483647;
			files = (
			);
			runOnlyForDeploymentPostprocessing = 0;
		};
/* End PBXResourcesBuildPhase section */

/* Begin PBXSourcesBuildPhase section */
		8BCD7B2F2244EA0B0016D8B7 /* Sources */ = {
			isa = PBXSourcesBuildPhase;
			buildActionMask = 2147483647;
			files = (
				B1D784FC22467FCD0028ECA3 /* CheckerView.m in Sources */,
				8BCD7B3B2244EA0B0016D8B7 /* ViewController.m in Sources */,
				8BCD7B462244EA0C0016D8B7 /* main.m in Sources */,
				B1D784F9224678C90028ECA3 /* BlackCellView.m in Sources */,
				8BCD7B382244EA0B0016D8B7 /* AppDelegate.m in Sources */,
			);
			runOnlyForDeploymentPostprocessing = 0;
		};
		8BCD7B472244EA0C0016D8B7 /* Sources */ = {
			isa = PBXSourcesBuildPhase;
			buildActionMask = 2147483647;
			files = (
				8BCD7B502244EA0C0016D8B7 /* CheckersTests.m in Sources */,
			);
			runOnlyForDeploymentPostprocessing = 0;
		};
		8BCD7B522244EA0C0016D8B7 /* Sources */ = {
			isa = PBXSourcesBuildPhase;
			buildActionMask = 2147483647;
			files = (
				8BCD7B5B2244EA0C0016D8B7 /* CheckersUITests.m in Sources */,
			);
			runOnlyForDeploymentPostprocessing = 0;
		};
/* End PBXSourcesBuildPhase section */

/* Begin PBXTargetDependency section */
		8BCD7B4D2244EA0C0016D8B7 /* PBXTargetDependency */ = {
			isa = PBXTargetDependency;
			target = 8BCD7B322244EA0B0016D8B7 /* Checkers */;
			targetProxy = 8BCD7B4C2244EA0C0016D8B7 /* PBXContainerItemProxy */;
		};
		8BCD7B582244EA0C0016D8B7 /* PBXTargetDependency */ = {
			isa = PBXTargetDependency;
			target = 8BCD7B322244EA0B0016D8B7 /* Checkers */;
			targetProxy = 8BCD7B572244EA0C0016D8B7 /* PBXContainerItemProxy */;
		};
/* End PBXTargetDependency section */

/* Begin PBXVariantGroup section */
		8BCD7B3C2244EA0B0016D8B7 /* Main.storyboard */ = {
			isa = PBXVariantGroup;
			children = (
				8BCD7B3D2244EA0B0016D8B7 /* Base */,
			);
			name = Main.storyboard;
			sourceTree = "<group>";
		};
		8BCD7B412244EA0C0016D8B7 /* LaunchScreen.storyboard */ = {
			isa = PBXVariantGroup;
			children = (
				8BCD7B422244EA0C0016D8B7 /* Base */,
			);
			name = LaunchScreen.storyboard;
			sourceTree = "<group>";
		};
/* End PBXVariantGroup section */

/* Begin XCBuildConfiguration section */
		8BCD7B5D2244EA0C0016D8B7 /* Debug */ = {
			isa = XCBuildConfiguration;
			buildSettings = {
				ALWAYS_SEARCH_USER_PATHS = NO;
				CLANG_ANALYZER_NONNULL = YES;
				CLANG_ANALYZER_NUMBER_OBJECT_CONVERSION = YES_AGGRESSIVE;
				CLANG_CXX_LANGUAGE_STANDARD = "gnu++14";
				CLANG_CXX_LIBRARY = "libc++";
				CLANG_ENABLE_MODULES = YES;
				CLANG_ENABLE_OBJC_ARC = YES;
				CLANG_ENABLE_OBJC_WEAK = YES;
				CLANG_WARN_BLOCK_CAPTURE_AUTORELEASING = YES;
				CLANG_WARN_BOOL_CONVERSION = YES;
				CLANG_WARN_COMMA = YES;
				CLANG_WARN_CONSTANT_CONVERSION = YES;
				CLANG_WARN_DEPRECATED_OBJC_IMPLEMENTATIONS = YES;
				CLANG_WARN_DIRECT_OBJC_ISA_USAGE = YES_ERROR;
				CLANG_WARN_DOCUMENTATION_COMMENTS = YES;
				CLANG_WARN_EMPTY_BODY = YES;
				CLANG_WARN_ENUM_CONVERSION = YES;
				CLANG_WARN_INFINITE_RECURSION = YES;
				CLANG_WARN_INT_CONVERSION = YES;
				CLANG_WARN_NON_LITERAL_NULL_CONVERSION = YES;
				CLANG_WARN_OBJC_IMPLICIT_RETAIN_SELF = YES;
				CLANG_WARN_OBJC_LITERAL_CONVERSION = YES;
				CLANG_WARN_OBJC_ROOT_CLASS = YES_ERROR;
				CLANG_WARN_RANGE_LOOP_ANALYSIS = YES;
				CLANG_WARN_STRICT_PROTOTYPES = YES;
				CLANG_WARN_SUSPICIOUS_MOVE = YES;
				CLANG_WARN_UNGUARDED_AVAILABILITY = YES_AGGRESSIVE;
				CLANG_WARN_UNREACHABLE_CODE = YES;
				CLANG_WARN__DUPLICATE_METHOD_MATCH = YES;
				CODE_SIGN_IDENTITY = "iPhone Developer";
				COPY_PHASE_STRIP = NO;
				DEBUG_INFORMATION_FORMAT = dwarf;
				ENABLE_STRICT_OBJC_MSGSEND = YES;
				ENABLE_TESTABILITY = YES;
				GCC_C_LANGUAGE_STANDARD = gnu11;
				GCC_DYNAMIC_NO_PIC = NO;
				GCC_NO_COMMON_BLOCKS = YES;
				GCC_OPTIMIZATION_LEVEL = 0;
				GCC_PREPROCESSOR_DEFINITIONS = (
					"DEBUG=1",
					"$(inherited)",
				);
				GCC_WARN_64_TO_32_BIT_CONVERSION = YES;
				GCC_WARN_ABOUT_RETURN_TYPE = YES_ERROR;
				GCC_WARN_UNDECLARED_SELECTOR = YES;
				GCC_WARN_UNINITIALIZED_AUTOS = YES_AGGRESSIVE;
				GCC_WARN_UNUSED_FUNCTION = YES;
				GCC_WARN_UNUSED_VARIABLE = YES;
				IPHONEOS_DEPLOYMENT_TARGET = 12.1;
				MTL_ENABLE_DEBUG_INFO = INCLUDE_SOURCE;
				MTL_FAST_MATH = YES;
				ONLY_ACTIVE_ARCH = YES;
				SDKROOT = iphoneos;
			};
			name = Debug;
		};
		8BCD7B5E2244EA0C0016D8B7 /* Release */ = {
			isa = XCBuildConfiguration;
			buildSettings = {
				ALWAYS_SEARCH_USER_PATHS = NO;
				CLANG_ANALYZER_NONNULL = YES;
				CLANG_ANALYZER_NUMBER_OBJECT_CONVERSION = YES_AGGRESSIVE;
				CLANG_CXX_LANGUAGE_STANDARD = "gnu++14";
				CLANG_CXX_LIBRARY = "libc++";
				CLANG_ENABLE_MODULES = YES;
				CLANG_ENABLE_OBJC_ARC = YES;
				CLANG_ENABLE_OBJC_WEAK = YES;
				CLANG_WARN_BLOCK_CAPTURE_AUTORELEASING = YES;
				CLANG_WARN_BOOL_CONVERSION = YES;
				CLANG_WARN_COMMA = YES;
				CLANG_WARN_CONSTANT_CONVERSION = YES;
				CLANG_WARN_DEPRECATED_OBJC_IMPLEMENTATIONS = YES;
				CLANG_WARN_DIRECT_OBJC_ISA_USAGE = YES_ERROR;
				CLANG_WARN_DOCUMENTATION_COMMENTS = YES;
				CLANG_WARN_EMPTY_BODY = YES;
				CLANG_WARN_ENUM_CONVERSION = YES;
				CLANG_WARN_INFINITE_RECURSION = YES;
				CLANG_WARN_INT_CONVERSION = YES;
				CLANG_WARN_NON_LITERAL_NULL_CONVERSION = YES;
				CLANG_WARN_OBJC_IMPLICIT_RETAIN_SELF = YES;
				CLANG_WARN_OBJC_LITERAL_CONVERSION = YES;
				CLANG_WARN_OBJC_ROOT_CLASS = YES_ERROR;
				CLANG_WARN_RANGE_LOOP_ANALYSIS = YES;
				CLANG_WARN_STRICT_PROTOTYPES = YES;
				CLANG_WARN_SUSPICIOUS_MOVE = YES;
				CLANG_WARN_UNGUARDED_AVAILABILITY = YES_AGGRESSIVE;
				CLANG_WARN_UNREACHABLE_CODE = YES;
				CLANG_WARN__DUPLICATE_METHOD_MATCH = YES;
				CODE_SIGN_IDENTITY = "iPhone Developer";
				COPY_PHASE_STRIP = NO;
				DEBUG_INFORMATION_FORMAT = "dwarf-with-dsym";
				ENABLE_NS_ASSERTIONS = NO;
				ENABLE_STRICT_OBJC_MSGSEND = YES;
				GCC_C_LANGUAGE_STANDARD = gnu11;
				GCC_NO_COMMON_BLOCKS = YES;
				GCC_WARN_64_TO_32_BIT_CONVERSION = YES;
				GCC_WARN_ABOUT_RETURN_TYPE = YES_ERROR;
				GCC_WARN_UNDECLARED_SELECTOR = YES;
				GCC_WARN_UNINITIALIZED_AUTOS = YES_AGGRESSIVE;
				GCC_WARN_UNUSED_FUNCTION = YES;
				GCC_WARN_UNUSED_VARIABLE = YES;
				IPHONEOS_DEPLOYMENT_TARGET = 12.1;
				MTL_ENABLE_DEBUG_INFO = NO;
				MTL_FAST_MATH = YES;
				SDKROOT = iphoneos;
				VALIDATE_PRODUCT = YES;
			};
			name = Release;
		};
		8BCD7B602244EA0C0016D8B7 /* Debug */ = {
			isa = XCBuildConfiguration;
			buildSettings = {
				ASSETCATALOG_COMPILER_APPICON_NAME = AppIcon;
				CODE_SIGN_STYLE = Automatic;
				DEVELOPMENT_TEAM = DUBTL9M98H;
				INFOPLIST_FILE = Checkers/Info.plist;
				LD_RUNPATH_SEARCH_PATHS = (
					"$(inherited)",
					"@executable_path/Frameworks",
				);
				PRODUCT_BUNDLE_IDENTIFIER = com.kluv.Checkers;
				PRODUCT_NAME = "$(TARGET_NAME)";
				TARGETED_DEVICE_FAMILY = "1,2";
			};
			name = Debug;
		};
		8BCD7B612244EA0C0016D8B7 /* Release */ = {
			isa = XCBuildConfiguration;
			buildSettings = {
				ASSETCATALOG_COMPILER_APPICON_NAME = AppIcon;
				CODE_SIGN_STYLE = Automatic;
				DEVELOPMENT_TEAM = DUBTL9M98H;
				INFOPLIST_FILE = Checkers/Info.plist;
				LD_RUNPATH_SEARCH_PATHS = (
					"$(inherited)",
					"@executable_path/Frameworks",
				);
				PRODUCT_BUNDLE_IDENTIFIER = com.kluv.Checkers;
				PRODUCT_NAME = "$(TARGET_NAME)";
				TARGETED_DEVICE_FAMILY = "1,2";
			};
			name = Release;
		};
		8BCD7B632244EA0C0016D8B7 /* Debug */ = {
			isa = XCBuildConfiguration;
			buildSettings = {
				BUNDLE_LOADER = "$(TEST_HOST)";
				CODE_SIGN_STYLE = Automatic;
				INFOPLIST_FILE = CheckersTests/Info.plist;
				LD_RUNPATH_SEARCH_PATHS = (
					"$(inherited)",
					"@executable_path/Frameworks",
					"@loader_path/Frameworks",
				);
				PRODUCT_BUNDLE_IDENTIFIER = com.kluv.CheckersTests;
				PRODUCT_NAME = "$(TARGET_NAME)";
				TARGETED_DEVICE_FAMILY = "1,2";
				TEST_HOST = "$(BUILT_PRODUCTS_DIR)/Checkers.app/Checkers";
			};
			name = Debug;
		};
		8BCD7B642244EA0C0016D8B7 /* Release */ = {
			isa = XCBuildConfiguration;
			buildSettings = {
				BUNDLE_LOADER = "$(TEST_HOST)";
				CODE_SIGN_STYLE = Automatic;
				INFOPLIST_FILE = CheckersTests/Info.plist;
				LD_RUNPATH_SEARCH_PATHS = (
					"$(inherited)",
					"@executable_path/Frameworks",
					"@loader_path/Frameworks",
				);
				PRODUCT_BUNDLE_IDENTIFIER = com.kluv.CheckersTests;
				PRODUCT_NAME = "$(TARGET_NAME)";
				TARGETED_DEVICE_FAMILY = "1,2";
				TEST_HOST = "$(BUILT_PRODUCTS_DIR)/Checkers.app/Checkers";
			};
			name = Release;
		};
		8BCD7B662244EA0C0016D8B7 /* Debug */ = {
			isa = XCBuildConfiguration;
			buildSettings = {
				CODE_SIGN_STYLE = Automatic;
				INFOPLIST_FILE = CheckersUITests/Info.plist;
				LD_RUNPATH_SEARCH_PATHS = (
					"$(inherited)",
					"@executable_path/Frameworks",
					"@loader_path/Frameworks",
				);
				PRODUCT_BUNDLE_IDENTIFIER = com.kluv.CheckersUITests;
				PRODUCT_NAME = "$(TARGET_NAME)";
				TARGETED_DEVICE_FAMILY = "1,2";
				TEST_TARGET_NAME = Checkers;
			};
			name = Debug;
		};
		8BCD7B672244EA0C0016D8B7 /* Release */ = {
			isa = XCBuildConfiguration;
			buildSettings = {
				CODE_SIGN_STYLE = Automatic;
				INFOPLIST_FILE = CheckersUITests/Info.plist;
				LD_RUNPATH_SEARCH_PATHS = (
					"$(inherited)",
					"@executable_path/Frameworks",
					"@loader_path/Frameworks",
				);
				PRODUCT_BUNDLE_IDENTIFIER = com.kluv.CheckersUITests;
				PRODUCT_NAME = "$(TARGET_NAME)";
				TARGETED_DEVICE_FAMILY = "1,2";
				TEST_TARGET_NAME = Checkers;
			};
			name = Release;
		};
/* End XCBuildConfiguration section */

/* Begin XCConfigurationList section */
		8BCD7B2E2244EA0B0016D8B7 /* Build configuration list for PBXProject "Checkers" */ = {
			isa = XCConfigurationList;
			buildConfigurations = (
				8BCD7B5D2244EA0C0016D8B7 /* Debug */,
				8BCD7B5E2244EA0C0016D8B7 /* Release */,
			);
			defaultConfigurationIsVisible = 0;
			defaultConfigurationName = Release;
		};
		8BCD7B5F2244EA0C0016D8B7 /* Build configuration list for PBXNativeTarget "Checkers" */ = {
			isa = XCConfigurationList;
			buildConfigurations = (
				8BCD7B602244EA0C0016D8B7 /* Debug */,
				8BCD7B612244EA0C0016D8B7 /* Release */,
			);
			defaultConfigurationIsVisible = 0;
			defaultConfigurationName = Release;
		};
		8BCD7B622244EA0C0016D8B7 /* Build configuration list for PBXNativeTarget "CheckersTests" */ = {
			isa = XCConfigurationList;
			buildConfigurations = (
				8BCD7B632244EA0C0016D8B7 /* Debug */,
				8BCD7B642244EA0C0016D8B7 /* Release */,
			);
			defaultConfigurationIsVisible = 0;
			defaultConfigurationName = Release;
		};
		8BCD7B652244EA0C0016D8B7 /* Build configuration list for PBXNativeTarget "CheckersUITests" */ = {
			isa = XCConfigurationList;
			buildConfigurations = (
				8BCD7B662244EA0C0016D8B7 /* Debug */,
				8BCD7B672244EA0C0016D8B7 /* Release */,
			);
			defaultConfigurationIsVisible = 0;
			defaultConfigurationName = Release;
		};
/* End XCConfigurationList section */
	};
	rootObject = 8BCD7B2B2244EA0B0016D8B7 /* Project object */;
}
